
Microsoft Visual Studio Solution File, Format Version 12.00
# Visual Studio 15
VisualStudioVersion = 15.0.26206.0
MinimumVisualStudioVersion = 10.0.40219.1
Project("{FAE04EC0-301F-11D3-BF4B-00C04F79EFBC}") = "VirtualShop", "VirtualShop\VirtualShop.csproj", "{F5EB5451-4DFF-4A7B-B451-E524A5F89F6B}"
EndProject
Global
	GlobalSection(SolutionConfigurationPlatforms) = preSolution
		Debug|Any CPU = Debug|Any CPU
		Release|Any CPU = Release|Any CPU
	EndGlobalSection
	GlobalSection(ProjectConfigurationPlatforms) = postSolution
		{F5EB5451-4DFF-4A7B-B451-E524A5F89F6B}.Debug|Any CPU.ActiveCfg = Debug|Any CPU
		{F5EB5451-4DFF-4A7B-B451-E524A5F89F6B}.Debug|Any CPU.Build.0 = Debug|Any CPU
		{F5EB5451-4DFF-4A7B-B451-E524A5F89F6B}.Release|Any CPU.ActiveCfg = Release|Any CPU
		{F5EB5451-4DFF-4A7B-B451-E524A5F89F6B}.Release|Any CPU.Build.0 = Release|Any CPU
	EndGlobalSection
	GlobalSection(SolutionProperties) = preSolution
		HideSolutionNode = FALSE
	EndGlobalSection
EndGlobal
